
Microsoft Visual Studio Solution File, Format Version 12.00
# Visual Studio Version 17
VisualStudioVersion = 17.13.35931.197 d17.13
MinimumVisualStudioVersion = 10.0.40219.1
Project("{FAE04EC0-301F-11D3-BF4B-00C04F79EFBC}") = "pr28", "pr28.csproj", "{6AC6155D-26F6-4240-872C-F1A8AD66F0BA}"
EndProject
Global
	GlobalSection(SolutionConfigurationPlatforms) = preSolution
		Debug|Any CPU = Debug|Any CPU
		Release|Any CPU = Release|Any CPU
	EndGlobalSection
	GlobalSection(ProjectConfigurationPlatforms) = postSolution
		{6AC6155D-26F6-4240-872C-F1A8AD66F0BA}.Debug|Any CPU.ActiveCfg = Debug|Any CPU
		{6AC6155D-26F6-4240-872C-F1A8AD66F0BA}.Debug|Any CPU.Build.0 = Debug|Any CPU
		{6AC6155D-26F6-4240-872C-F1A8AD66F0BA}.Release|Any CPU.ActiveCfg = Release|Any CPU
		{6AC6155D-26F6-4240-872C-F1A8AD66F0BA}.Release|Any CPU.Build.0 = Release|Any CPU
	EndGlobalSection
	GlobalSection(SolutionProperties) = preSolution
		HideSolutionNode = FALSE
	EndGlobalSection
	GlobalSection(ExtensibilityGlobals) = postSolution
		SolutionGuid = {8B457A11-743C-40A8-AF15-880B87734E89}
	EndGlobalSection
EndGlobal
